// !$*UTF8*$!
{
	archiveVersion = 1;
	classes = {
	};
	objectVersion = 50;
	objects = {

/* Begin PBXBuildFile section */
		08903D48211E559E000D14A6 /* AppDelegate.swift in Sources */ = {isa = PBXBuildFile; fileRef = 08903D47211E559E000D14A6 /* AppDelegate.swift */; };
		08903D4A211E559E000D14A6 /* ViewController.swift in Sources */ = {isa = PBXBuildFile; fileRef = 08903D49211E559E000D14A6 /* ViewController.swift */; };
		08903D4D211E559E000D14A6 /* Main.storyboard in Resources */ = {isa = PBXBuildFile; fileRef = 08903D4B211E559E000D14A6 /* Main.storyboard */; };
		08903D4F211E55A0000D14A6 /* Assets.xcassets in Resources */ = {isa = PBXBuildFile; fileRef = 08903D4E211E55A0000D14A6 /* Assets.xcassets */; };
		08903D52211E55A0000D14A6 /* LaunchScreen.storyboard in Resources */ = {isa = PBXBuildFile; fileRef = 08903D50211E55A0000D14A6 /* LaunchScreen.storyboard */; };
		08903D5D211E55A0000D14A6 /* FindNearByBurritoTests.swift in Sources */ = {isa = PBXBuildFile; fileRef = 08903D5C211E55A0000D14A6 /* FindNearByBurritoTests.swift */; };
		08903D68211E55A0000D14A6 /* FindNearByBurritoUITests.swift in Sources */ = {isa = PBXBuildFile; fileRef = 08903D67211E55A0000D14A6 /* FindNearByBurritoUITests.swift */; };
		21F4367D03A5AA8F9A00C6AF /* Pods_FindNearByBurritoUITests.framework in Frameworks */ = {isa = PBXBuildFile; fileRef = 698D90EC020EE75B58454906 /* Pods_FindNearByBurritoUITests.framework */; };
		D9ABE9FE6F4D90DE205997C6 /* Pods_FindNearByBurrito.framework in Frameworks */ = {isa = PBXBuildFile; fileRef = 8B1B619CABD93734AB5A05EB /* Pods_FindNearByBurrito.framework */; };
		DCFDF846E021AC49B896B7E6 /* Pods_FindNearByBurritoTests.framework in Frameworks */ = {isa = PBXBuildFile; fileRef = 936672332BD6CC49CD529930 /* Pods_FindNearByBurritoTests.framework */; };
/* End PBXBuildFile section */

/* Begin PBXContainerItemProxy section */
		08903D59211E55A0000D14A6 /* PBXContainerItemProxy */ = {
			isa = PBXContainerItemProxy;
			containerPortal = 08903D3C211E559E000D14A6 /* Project object */;
			proxyType = 1;
			remoteGlobalIDString = 08903D43211E559E000D14A6;
			remoteInfo = FindNearByBurrito;
		};
		08903D64211E55A0000D14A6 /* PBXContainerItemProxy */ = {
			isa = PBXContainerItemProxy;
			containerPortal = 08903D3C211E559E000D14A6 /* Project object */;
			proxyType = 1;
			remoteGlobalIDString = 08903D43211E559E000D14A6;
			remoteInfo = FindNearByBurrito;
		};
/* End PBXContainerItemProxy section */

/* Begin PBXFileReference section */
		08903D44211E559E000D14A6 /* FindNearByBurrito.app */ = {isa = PBXFileReference; explicitFileType = wrapper.application; includeInIndex = 0; path = FindNearByBurrito.app; sourceTree = BUILT_PRODUCTS_DIR; };
		08903D47211E559E000D14A6 /* AppDelegate.swift */ = {isa = PBXFileReference; lastKnownFileType = sourcecode.swift; path = AppDelegate.swift; sourceTree = "<group>"; };
		08903D49211E559E000D14A6 /* ViewController.swift */ = {isa = PBXFileReference; lastKnownFileType = sourcecode.swift; path = ViewController.swift; sourceTree = "<group>"; };
		08903D4C211E559E000D14A6 /* Base */ = {isa = PBXFileReference; lastKnownFileType = file.storyboard; name = Base; path = Base.lproj/Main.storyboard; sourceTree = "<group>"; };
		08903D4E211E55A0000D14A6 /* Assets.xcassets */ = {isa = PBXFileReference; lastKnownFileType = folder.assetcatalog; path = Assets.xcassets; sourceTree = "<group>"; };
		08903D51211E55A0000D14A6 /* Base */ = {isa = PBXFileReference; lastKnownFileType = file.storyboard; name = Base; path = Base.lproj/LaunchScreen.storyboard; sourceTree = "<group>"; };
		08903D53211E55A0000D14A6 /* Info.plist */ = {isa = PBXFileReference; lastKnownFileType = text.plist.xml; path = Info.plist; sourceTree = "<group>"; };
		08903D58211E55A0000D14A6 /* FindNearByBurritoTests.xctest */ = {isa = PBXFileReference; explicitFileType = wrapper.cfbundle; includeInIndex = 0; path = FindNearByBurritoTests.xctest; sourceTree = BUILT_PRODUCTS_DIR; };
		08903D5C211E55A0000D14A6 /* FindNearByBurritoTests.swift */ = {isa = PBXFileReference; lastKnownFileType = sourcecode.swift; path = FindNearByBurritoTests.swift; sourceTree = "<group>"; };
		08903D5E211E55A0000D14A6 /* Info.plist */ = {isa = PBXFileReference; lastKnownFileType = text.plist.xml; path = Info.plist; sourceTree = "<group>"; };
		08903D63211E55A0000D14A6 /* FindNearByBurritoUITests.xctest */ = {isa = PBXFileReference; explicitFileType = wrapper.cfbundle; includeInIndex = 0; path = FindNearByBurritoUITests.xctest; sourceTree = BUILT_PRODUCTS_DIR; };
		08903D67211E55A0000D14A6 /* FindNearByBurritoUITests.swift */ = {isa = PBXFileReference; lastKnownFileType = sourcecode.swift; path = FindNearByBurritoUITests.swift; sourceTree = "<group>"; };
		08903D69211E55A0000D14A6 /* Info.plist */ = {isa = PBXFileReference; lastKnownFileType = text.plist.xml; path = Info.plist; sourceTree = "<group>"; };
		2AF9A2C81FDB01FE6B8B487E /* Pods-FindNearByBurritoUITests.release.xcconfig */ = {isa = PBXFileReference; includeInIndex = 1; lastKnownFileType = text.xcconfig; name = "Pods-FindNearByBurritoUITests.release.xcconfig"; path = "Pods/Target Support Files/Pods-FindNearByBurritoUITests/Pods-FindNearByBurritoUITests.release.xcconfig"; sourceTree = "<group>"; };
		40B6C02B36D7E732E424AED6 /* Pods-FindNearByBurritoTests.release.xcconfig */ = {isa = PBXFileReference; includeInIndex = 1; lastKnownFileType = text.xcconfig; name = "Pods-FindNearByBurritoTests.release.xcconfig"; path = "Pods/Target Support Files/Pods-FindNearByBurritoTests/Pods-FindNearByBurritoTests.release.xcconfig"; sourceTree = "<group>"; };
		48DA90FCFF44D526070B8B95 /* Pods-FindNearByBurritoTests.debug.xcconfig */ = {isa = PBXFileReference; includeInIndex = 1; lastKnownFileType = text.xcconfig; name = "Pods-FindNearByBurritoTests.debug.xcconfig"; path = "Pods/Target Support Files/Pods-FindNearByBurritoTests/Pods-FindNearByBurritoTests.debug.xcconfig"; sourceTree = "<group>"; };
		698D90EC020EE75B58454906 /* Pods_FindNearByBurritoUITests.framework */ = {isa = PBXFileReference; explicitFileType = wrapper.framework; includeInIndex = 0; path = Pods_FindNearByBurritoUITests.framework; sourceTree = BUILT_PRODUCTS_DIR; };
		79F3A0345FA5B900CCAF0FFD /* Pods-FindNearByBurrito.debug.xcconfig */ = {isa = PBXFileReference; includeInIndex = 1; lastKnownFileType = text.xcconfig; name = "Pods-FindNearByBurrito.debug.xcconfig"; path = "Pods/Target Support Files/Pods-FindNearByBurrito/Pods-FindNearByBurrito.debug.xcconfig"; sourceTree = "<group>"; };
		7ACAF29A4EFB4C10452BE797 /* Pods-FindNearByBurrito.release.xcconfig */ = {isa = PBXFileReference; includeInIndex = 1; lastKnownFileType = text.xcconfig; name = "Pods-FindNearByBurrito.release.xcconfig"; path = "Pods/Target Support Files/Pods-FindNearByBurrito/Pods-FindNearByBurrito.release.xcconfig"; sourceTree = "<group>"; };
		8358CC0E9098F774386A88C5 /* Pods-FindNearByBurritoUITests.debug.xcconfig */ = {isa = PBXFileReference; includeInIndex = 1; lastKnownFileType = text.xcconfig; name = "Pods-FindNearByBurritoUITests.debug.xcconfig"; path = "Pods/Target Support Files/Pods-FindNearByBurritoUITests/Pods-FindNearByBurritoUITests.debug.xcconfig"; sourceTree = "<group>"; };
		8B1B619CABD93734AB5A05EB /* Pods_FindNearByBurrito.framework */ = {isa = PBXFileReference; explicitFileType = wrapper.framework; includeInIndex = 0; path = Pods_FindNearByBurrito.framework; sourceTree = BUILT_PRODUCTS_DIR; };
		936672332BD6CC49CD529930 /* Pods_FindNearByBurritoTests.framework */ = {isa = PBXFileReference; explicitFileType = wrapper.framework; includeInIndex = 0; path = Pods_FindNearByBurritoTests.framework; sourceTree = BUILT_PRODUCTS_DIR; };
/* End PBXFileReference section */

/* Begin PBXFrameworksBuildPhase section */
		08903D41211E559E000D14A6 /* Frameworks */ = {
			isa = PBXFrameworksBuildPhase;
			buildActionMask = 2147483647;
			files = (
				D9ABE9FE6F4D90DE205997C6 /* Pods_FindNearByBurrito.framework in Frameworks */,
			);
			runOnlyForDeploymentPostprocessing = 0;
		};
		08903D55211E55A0000D14A6 /* Frameworks */ = {
			isa = PBXFrameworksBuildPhase;
			buildActionMask = 2147483647;
			files = (
				DCFDF846E021AC49B896B7E6 /* Pods_FindNearByBurritoTests.framework in Frameworks */,
			);
			runOnlyForDeploymentPostprocessing = 0;
		};
		08903D60211E55A0000D14A6 /* Frameworks */ = {
			isa = PBXFrameworksBuildPhase;
			buildActionMask = 2147483647;
			files = (
				21F4367D03A5AA8F9A00C6AF /* Pods_FindNearByBurritoUITests.framework in Frameworks */,
			);
			runOnlyForDeploymentPostprocessing = 0;
		};
/* End PBXFrameworksBuildPhase section */

/* Begin PBXGroup section */
		08903D3B211E559E000D14A6 = {
			isa = PBXGroup;
			children = (
				08903D46211E559E000D14A6 /* FindNearByBurrito */,
				08903D5B211E55A0000D14A6 /* FindNearByBurritoTests */,
				08903D66211E55A0000D14A6 /* FindNearByBurritoUITests */,
				08903D45211E559E000D14A6 /* Products */,
				42BD5D6A5749D26CE5E29A75 /* Pods */,
				E598F683C792D318F6A24FB3 /* Frameworks */,
			);
			sourceTree = "<group>";
		};
		08903D45211E559E000D14A6 /* Products */ = {
			isa = PBXGroup;
			children = (
				08903D44211E559E000D14A6 /* FindNearByBurrito.app */,
				08903D58211E55A0000D14A6 /* FindNearByBurritoTests.xctest */,
				08903D63211E55A0000D14A6 /* FindNearByBurritoUITests.xctest */,
			);
			name = Products;
			sourceTree = "<group>";
		};
		08903D46211E559E000D14A6 /* FindNearByBurrito */ = {
			isa = PBXGroup;
			children = (
				08903D47211E559E000D14A6 /* AppDelegate.swift */,
				08903D49211E559E000D14A6 /* ViewController.swift */,
				08903D4B211E559E000D14A6 /* Main.storyboard */,
				08903D4E211E55A0000D14A6 /* Assets.xcassets */,
				08903D50211E55A0000D14A6 /* LaunchScreen.storyboard */,
				08903D53211E55A0000D14A6 /* Info.plist */,
			);
			path = FindNearByBurrito;
			sourceTree = "<group>";
		};
		08903D5B211E55A0000D14A6 /* FindNearByBurritoTests */ = {
			isa = PBXGroup;
			children = (
				08903D5C211E55A0000D14A6 /* FindNearByBurritoTests.swift */,
				08903D5E211E55A0000D14A6 /* Info.plist */,
			);
			path = FindNearByBurritoTests;
			sourceTree = "<group>";
		};
		08903D66211E55A0000D14A6 /* FindNearByBurritoUITests */ = {
			isa = PBXGroup;
			children = (
				08903D67211E55A0000D14A6 /* FindNearByBurritoUITests.swift */,
				08903D69211E55A0000D14A6 /* Info.plist */,
			);
			path = FindNearByBurritoUITests;
			sourceTree = "<group>";
		};
		42BD5D6A5749D26CE5E29A75 /* Pods */ = {
			isa = PBXGroup;
			children = (
				79F3A0345FA5B900CCAF0FFD /* Pods-FindNearByBurrito.debug.xcconfig */,
				7ACAF29A4EFB4C10452BE797 /* Pods-FindNearByBurrito.release.xcconfig */,
				48DA90FCFF44D526070B8B95 /* Pods-FindNearByBurritoTests.debug.xcconfig */,
				40B6C02B36D7E732E424AED6 /* Pods-FindNearByBurritoTests.release.xcconfig */,
				8358CC0E9098F774386A88C5 /* Pods-FindNearByBurritoUITests.debug.xcconfig */,
				2AF9A2C81FDB01FE6B8B487E /* Pods-FindNearByBurritoUITests.release.xcconfig */,
			);
			name = Pods;
			sourceTree = "<group>";
		};
		E598F683C792D318F6A24FB3 /* Frameworks */ = {
			isa = PBXGroup;
			children = (
				8B1B619CABD93734AB5A05EB /* Pods_FindNearByBurrito.framework */,
				936672332BD6CC49CD529930 /* Pods_FindNearByBurritoTests.framework */,
				698D90EC020EE75B58454906 /* Pods_FindNearByBurritoUITests.framework */,
			);
			name = Frameworks;
			sourceTree = "<group>";
		};
/* End PBXGroup section */

/* Begin PBXNativeTarget section */
		08903D43211E559E000D14A6 /* FindNearByBurrito */ = {
			isa = PBXNativeTarget;
			buildConfigurationList = 08903D6C211E55A0000D14A6 /* Build configuration list for PBXNativeTarget "FindNearByBurrito" */;
			buildPhases = (
				F26A0B15B757C02D5D65D277 /* [CP] Check Pods Manifest.lock */,
				08903D40211E559E000D14A6 /* Sources */,
				08903D41211E559E000D14A6 /* Frameworks */,
				08903D42211E559E000D14A6 /* Resources */,
				9D07CE8B88CA0D31C1AFAC82 /* [CP] Copy Pods Resources */,
			);
			buildRules = (
			);
			dependencies = (
			);
			name = FindNearByBurrito;
			productName = FindNearByBurrito;
			productReference = 08903D44211E559E000D14A6 /* FindNearByBurrito.app */;
			productType = "com.apple.product-type.application";
		};
		08903D57211E55A0000D14A6 /* FindNearByBurritoTests */ = {
			isa = PBXNativeTarget;
			buildConfigurationList = 08903D6F211E55A0000D14A6 /* Build configuration list for PBXNativeTarget "FindNearByBurritoTests" */;
			buildPhases = (
				5599073F9D283659C1CAA216 /* [CP] Check Pods Manifest.lock */,
				08903D54211E55A0000D14A6 /* Sources */,
				08903D55211E55A0000D14A6 /* Frameworks */,
				08903D56211E55A0000D14A6 /* Resources */,
			);
			buildRules = (
			);
			dependencies = (
				08903D5A211E55A0000D14A6 /* PBXTargetDependency */,
			);
			name = FindNearByBurritoTests;
			productName = FindNearByBurritoTests;
			productReference = 08903D58211E55A0000D14A6 /* FindNearByBurritoTests.xctest */;
			productType = "com.apple.product-type.bundle.unit-test";
		};
		08903D62211E55A0000D14A6 /* FindNearByBurritoUITests */ = {
			isa = PBXNativeTarget;
			buildConfigurationList = 08903D72211E55A0000D14A6 /* Build configuration list for PBXNativeTarget "FindNearByBurritoUITests" */;
			buildPhases = (
				383914FC78B28AFA4C63DDB0 /* [CP] Check Pods Manifest.lock */,
				08903D5F211E55A0000D14A6 /* Sources */,
				08903D60211E55A0000D14A6 /* Frameworks */,
				08903D61211E55A0000D14A6 /* Resources */,
			);
			buildRules = (
			);
			dependencies = (
				08903D65211E55A0000D14A6 /* PBXTargetDependency */,
			);
			name = FindNearByBurritoUITests;
			productName = FindNearByBurritoUITests;
			productReference = 08903D63211E55A0000D14A6 /* FindNearByBurritoUITests.xctest */;
			productType = "com.apple.product-type.bundle.ui-testing";
		};
/* End PBXNativeTarget section */

/* Begin PBXProject section */
		08903D3C211E559E000D14A6 /* Project object */ = {
			isa = PBXProject;
			attributes = {
				LastSwiftUpdateCheck = 0940;
				LastUpgradeCheck = 0940;
				ORGANIZATIONNAME = "Susan Zheng";
				TargetAttributes = {
					08903D43211E559E000D14A6 = {
						CreatedOnToolsVersion = 9.4.1;
					};
					08903D57211E55A0000D14A6 = {
						CreatedOnToolsVersion = 9.4.1;
						TestTargetID = 08903D43211E559E000D14A6;
					};
					08903D62211E55A0000D14A6 = {
						CreatedOnToolsVersion = 9.4.1;
						TestTargetID = 08903D43211E559E000D14A6;
					};
				};
			};
			buildConfigurationList = 08903D3F211E559E000D14A6 /* Build configuration list for PBXProject "FindNearByBurrito" */;
			compatibilityVersion = "Xcode 9.3";
			developmentRegion = en;
			hasScannedForEncodings = 0;
			knownRegions = (
				en,
				Base,
			);
			mainGroup = 08903D3B211E559E000D14A6;
			productRefGroup = 08903D45211E559E000D14A6 /* Products */;
			projectDirPath = "";
			projectRoot = "";
			targets = (
				08903D43211E559E000D14A6 /* FindNearByBurrito */,
				08903D57211E55A0000D14A6 /* FindNearByBurritoTests */,
				08903D62211E55A0000D14A6 /* FindNearByBurritoUITests */,
			);
		};
/* End PBXProject section */

/* Begin PBXResourcesBuildPhase section */
		08903D42211E559E000D14A6 /* Resources */ = {
			isa = PBXResourcesBuildPhase;
			buildActionMask = 2147483647;
			files = (
				08903D52211E55A0000D14A6 /* LaunchScreen.storyboard in Resources */,
				08903D4F211E55A0000D14A6 /* Assets.xcassets in Resources */,
				08903D4D211E559E000D14A6 /* Main.storyboard in Resources */,
			);
			runOnlyForDeploymentPostprocessing = 0;
		};
		08903D56211E55A0000D14A6 /* Resources */ = {
			isa = PBXResourcesBuildPhase;
			buildActionMask = 2147483647;
			files = (
			);
			runOnlyForDeploymentPostprocessing = 0;
		};
		08903D61211E55A0000D14A6 /* Resources */ = {
			isa = PBXResourcesBuildPhase;
			buildActionMask = 2147483647;
			files = (
			);
			runOnlyForDeploymentPostprocessing = 0;
		};
/* End PBXResourcesBuildPhase section */

/* Begin PBXShellScriptBuildPhase section */
		383914FC78B28AFA4C63DDB0 /* [CP] Check Pods Manifest.lock */ = {
			isa = PBXShellScriptBuildPhase;
			buildActionMask = 2147483647;
			files = (
			);
			inputPaths = (
				"${PODS_PODFILE_DIR_PATH}/Podfile.lock",
				"${PODS_ROOT}/Manifest.lock",
			);
			name = "[CP] Check Pods Manifest.lock";
			outputPaths = (
				"$(DERIVED_FILE_DIR)/Pods-FindNearByBurritoUITests-checkManifestLockResult.txt",
			);
			runOnlyForDeploymentPostprocessing = 0;
			shellPath = /bin/sh;
			shellScript = "diff \"${PODS_PODFILE_DIR_PATH}/Podfile.lock\" \"${PODS_ROOT}/Manifest.lock\" > /dev/null\nif [ $? != 0 ] ; then\n    # print error to STDERR\n    echo \"error: The sandbox is not in sync with the Podfile.lock. Run 'pod install' or update your CocoaPods installation.\" >&2\n    exit 1\nfi\n# This output is used by Xcode 'outputs' to avoid re-running this script phase.\necho \"SUCCESS\" > \"${SCRIPT_OUTPUT_FILE_0}\"\n";
			showEnvVarsInLog = 0;
		};
		5599073F9D283659C1CAA216 /* [CP] Check Pods Manifest.lock */ = {
			isa = PBXShellScriptBuildPhase;
			buildActionMask = 2147483647;
			files = (
			);
			inputPaths = (
				"${PODS_PODFILE_DIR_PATH}/Podfile.lock",
				"${PODS_ROOT}/Manifest.lock",
			);
			name = "[CP] Check Pods Manifest.lock";
			outputPaths = (
				"$(DERIVED_FILE_DIR)/Pods-FindNearByBurritoTests-checkManifestLockResult.txt",
			);
			runOnlyForDeploymentPostprocessing = 0;
			shellPath = /bin/sh;
			shellScript = "diff \"${PODS_PODFILE_DIR_PATH}/Podfile.lock\" \"${PODS_ROOT}/Manifest.lock\" > /dev/null\nif [ $? != 0 ] ; then\n    # print error to STDERR\n    echo \"error: The sandbox is not in sync with the Podfile.lock. Run 'pod install' or update your CocoaPods installation.\" >&2\n    exit 1\nfi\n# This output is used by Xcode 'outputs' to avoid re-running this script phase.\necho \"SUCCESS\" > \"${SCRIPT_OUTPUT_FILE_0}\"\n";
			showEnvVarsInLog = 0;
		};
		9D07CE8B88CA0D31C1AFAC82 /* [CP] Copy Pods Resources */ = {
			isa = PBXShellScriptBuildPhase;
			buildActionMask = 2147483647;
			files = (
			);
			inputPaths = (
				"${SRCROOT}/Pods/Target Support Files/Pods-FindNearByBurrito/Pods-FindNearByBurrito-resources.sh",
				"${PODS_ROOT}/GoogleMaps/Maps/Frameworks/GoogleMaps.framework/Resources/GoogleMaps.bundle",
				"${PODS_ROOT}/GooglePlacePicker/Frameworks/GooglePlacePicker.framework/Resources/GooglePlacePicker.bundle",
				"${PODS_ROOT}/GooglePlaces/Frameworks/GooglePlaces.framework/Resources/GooglePlaces.bundle",
			);
			name = "[CP] Copy Pods Resources";
			outputPaths = (
				"${TARGET_BUILD_DIR}/${UNLOCALIZED_RESOURCES_FOLDER_PATH}/GoogleMaps.bundle",
				"${TARGET_BUILD_DIR}/${UNLOCALIZED_RESOURCES_FOLDER_PATH}/GooglePlacePicker.bundle",
				"${TARGET_BUILD_DIR}/${UNLOCALIZED_RESOURCES_FOLDER_PATH}/GooglePlaces.bundle",
			);
			runOnlyForDeploymentPostprocessing = 0;
			shellPath = /bin/sh;
			shellScript = "\"${SRCROOT}/Pods/Target Support Files/Pods-FindNearByBurrito/Pods-FindNearByBurrito-resources.sh\"\n";
			showEnvVarsInLog = 0;
		};
		F26A0B15B757C02D5D65D277 /* [CP] Check Pods Manifest.lock */ = {
			isa = PBXShellScriptBuildPhase;
			buildActionMask = 2147483647;
			files = (
			);
			inputPaths = (
				"${PODS_PODFILE_DIR_PATH}/Podfile.lock",
				"${PODS_ROOT}/Manifest.lock",
			);
			name = "[CP] Check Pods Manifest.lock";
			outputPaths = (
				"$(DERIVED_FILE_DIR)/Pods-FindNearByBurrito-checkManifestLockResult.txt",
			);
			runOnlyForDeploymentPostprocessing = 0;
			shellPath = /bin/sh;
			shellScript = "diff \"${PODS_PODFILE_DIR_PATH}/Podfile.lock\" \"${PODS_ROOT}/Manifest.lock\" > /dev/null\nif [ $? != 0 ] ; then\n    # print error to STDERR\n    echo \"error: The sandbox is not in sync with the Podfile.lock. Run 'pod install' or update your CocoaPods installation.\" >&2\n    exit 1\nfi\n# This output is used by Xcode 'outputs' to avoid re-running this script phase.\necho \"SUCCESS\" > \"${SCRIPT_OUTPUT_FILE_0}\"\n";
			showEnvVarsInLog = 0;
		};
/* End PBXShellScriptBuildPhase section */

/* Begin PBXSourcesBuildPhase section */
		08903D40211E559E000D14A6 /* Sources */ = {
			isa = PBXSourcesBuildPhase;
			buildActionMask = 2147483647;
			files = (
				08903D4A211E559E000D14A6 /* ViewController.swift in Sources */,
				08903D48211E559E000D14A6 /* AppDelegate.swift in Sources */,
			);
			runOnlyForDeploymentPostprocessing = 0;
		};
		08903D54211E55A0000D14A6 /* Sources */ = {
			isa = PBXSourcesBuildPhase;
			buildActionMask = 2147483647;
			files = (
				08903D5D211E55A0000D14A6 /* FindNearByBurritoTests.swift in Sources */,
			);
			runOnlyForDeploymentPostprocessing = 0;
		};
		08903D5F211E55A0000D14A6 /* Sources */ = {
			isa = PBXSourcesBuildPhase;
			buildActionMask = 2147483647;
			files = (
				08903D68211E55A0000D14A6 /* FindNearByBurritoUITests.swift in Sources */,
			);
			runOnlyForDeploymentPostprocessing = 0;
		};
/* End PBXSourcesBuildPhase section */

/* Begin PBXTargetDependency section */
		08903D5A211E55A0000D14A6 /* PBXTargetDependency */ = {
			isa = PBXTargetDependency;
			target = 08903D43211E559E000D14A6 /* FindNearByBurrito */;
			targetProxy = 08903D59211E55A0000D14A6 /* PBXContainerItemProxy */;
		};
		08903D65211E55A0000D14A6 /* PBXTargetDependency */ = {
			isa = PBXTargetDependency;
			target = 08903D43211E559E000D14A6 /* FindNearByBurrito */;
			targetProxy = 08903D64211E55A0000D14A6 /* PBXContainerItemProxy */;
		};
/* End PBXTargetDependency section */

/* Begin PBXVariantGroup section */
		08903D4B211E559E000D14A6 /* Main.storyboard */ = {
			isa = PBXVariantGroup;
			children = (
				08903D4C211E559E000D14A6 /* Base */,
			);
			name = Main.storyboard;
			sourceTree = "<group>";
		};
		08903D50211E55A0000D14A6 /* LaunchScreen.storyboard */ = {
			isa = PBXVariantGroup;
			children = (
				08903D51211E55A0000D14A6 /* Base */,
			);
			name = LaunchScreen.storyboard;
			sourceTree = "<group>";
		};
/* End PBXVariantGroup section */

/* Begin XCBuildConfiguration section */
		08903D6A211E55A0000D14A6 /* Debug */ = {
			isa = XCBuildConfiguration;
			buildSettings = {
				ALWAYS_SEARCH_USER_PATHS = NO;
				CLANG_ANALYZER_NONNULL = YES;
				CLANG_ANALYZER_NUMBER_OBJECT_CONVERSION = YES_AGGRESSIVE;
				CLANG_CXX_LANGUAGE_STANDARD = "gnu++14";
				CLANG_CXX_LIBRARY = "libc++";
				CLANG_ENABLE_MODULES = YES;
				CLANG_ENABLE_OBJC_ARC = YES;
				CLANG_ENABLE_OBJC_WEAK = YES;
				CLANG_WARN_BLOCK_CAPTURE_AUTORELEASING = YES;
				CLANG_WARN_BOOL_CONVERSION = YES;
				CLANG_WARN_COMMA = YES;
				CLANG_WARN_CONSTANT_CONVERSION = YES;
				CLANG_WARN_DEPRECATED_OBJC_IMPLEMENTATIONS = YES;
				CLANG_WARN_DIRECT_OBJC_ISA_USAGE = YES_ERROR;
				CLANG_WARN_DOCUMENTATION_COMMENTS = YES;
				CLANG_WARN_EMPTY_BODY = YES;
				CLANG_WARN_ENUM_CONVERSION = YES;
				CLANG_WARN_INFINITE_RECURSION = YES;
				CLANG_WARN_INT_CONVERSION = YES;
				CLANG_WARN_NON_LITERAL_NULL_CONVERSION = YES;
				CLANG_WARN_OBJC_IMPLICIT_RETAIN_SELF = YES;
				CLANG_WARN_OBJC_LITERAL_CONVERSION = YES;
				CLANG_WARN_OBJC_ROOT_CLASS = YES_ERROR;
				CLANG_WARN_RANGE_LOOP_ANALYSIS = YES;
				CLANG_WARN_STRICT_PROTOTYPES = YES;
				CLANG_WARN_SUSPICIOUS_MOVE = YES;
				CLANG_WARN_UNGUARDED_AVAILABILITY = YES_AGGRESSIVE;
				CLANG_WARN_UNREACHABLE_CODE = YES;
				CLANG_WARN__DUPLICATE_METHOD_MATCH = YES;
				CODE_SIGN_IDENTITY = "iPhone Developer";
				COPY_PHASE_STRIP = NO;
				DEBUG_INFORMATION_FORMAT = dwarf;
				ENABLE_STRICT_OBJC_MSGSEND = YES;
				ENABLE_TESTABILITY = YES;
				GCC_C_LANGUAGE_STANDARD = gnu11;
				GCC_DYNAMIC_NO_PIC = NO;
				GCC_NO_COMMON_BLOCKS = YES;
				GCC_OPTIMIZATION_LEVEL = 0;
				GCC_PREPROCESSOR_DEFINITIONS = (
					"DEBUG=1",
					"$(inherited)",
				);
				GCC_WARN_64_TO_32_BIT_CONVERSION = YES;
				GCC_WARN_ABOUT_RETURN_TYPE = YES_ERROR;
				GCC_WARN_UNDECLARED_SELECTOR = YES;
				GCC_WARN_UNINITIALIZED_AUTOS = YES_AGGRESSIVE;
				GCC_WARN_UNUSED_FUNCTION = YES;
				GCC_WARN_UNUSED_VARIABLE = YES;
				IPHONEOS_DEPLOYMENT_TARGET = 11.4;
				MTL_ENABLE_DEBUG_INFO = YES;
				ONLY_ACTIVE_ARCH = YES;
				SDKROOT = iphoneos;
				SWIFT_ACTIVE_COMPILATION_CONDITIONS = DEBUG;
				SWIFT_OPTIMIZATION_LEVEL = "-Onone";
			};
			name = Debug;
		};
		08903D6B211E55A0000D14A6 /* Release */ = {
			isa = XCBuildConfiguration;
			buildSettings = {
				ALWAYS_SEARCH_USER_PATHS = NO;
				CLANG_ANALYZER_NONNULL = YES;
				CLANG_ANALYZER_NUMBER_OBJECT_CONVERSION = YES_AGGRESSIVE;
				CLANG_CXX_LANGUAGE_STANDARD = "gnu++14";
				CLANG_CXX_LIBRARY = "libc++";
				CLANG_ENABLE_MODULES = YES;
				CLANG_ENABLE_OBJC_ARC = YES;
				CLANG_ENABLE_OBJC_WEAK = YES;
				CLANG_WARN_BLOCK_CAPTURE_AUTORELEASING = YES;
				CLANG_WARN_BOOL_CONVERSION = YES;
				CLANG_WARN_COMMA = YES;
				CLANG_WARN_CONSTANT_CONVERSION = YES;
				CLANG_WARN_DEPRECATED_OBJC_IMPLEMENTATIONS = YES;
				CLANG_WARN_DIRECT_OBJC_ISA_USAGE = YES_ERROR;
				CLANG_WARN_DOCUMENTATION_COMMENTS = YES;
				CLANG_WARN_EMPTY_BODY = YES;
				CLANG_WARN_ENUM_CONVERSION = YES;
				CLANG_WARN_INFINITE_RECURSION = YES;
				CLANG_WARN_INT_CONVERSION = YES;
				CLANG_WARN_NON_LITERAL_NULL_CONVERSION = YES;
				CLANG_WARN_OBJC_IMPLICIT_RETAIN_SELF = YES;
				CLANG_WARN_OBJC_LITERAL_CONVERSION = YES;
				CLANG_WARN_OBJC_ROOT_CLASS = YES_ERROR;
				CLANG_WARN_RANGE_LOOP_ANALYSIS = YES;
				CLANG_WARN_STRICT_PROTOTYPES = YES;
				CLANG_WARN_SUSPICIOUS_MOVE = YES;
				CLANG_WARN_UNGUARDED_AVAILABILITY = YES_AGGRESSIVE;
				CLANG_WARN_UNREACHABLE_CODE = YES;
				CLANG_WARN__DUPLICATE_METHOD_MATCH = YES;
				CODE_SIGN_IDENTITY = "iPhone Developer";
				COPY_PHASE_STRIP = NO;
				DEBUG_INFORMATION_FORMAT = "dwarf-with-dsym";
				ENABLE_NS_ASSERTIONS = NO;
				ENABLE_STRICT_OBJC_MSGSEND = YES;
				GCC_C_LANGUAGE_STANDARD = gnu11;
				GCC_NO_COMMON_BLOCKS = YES;
				GCC_WARN_64_TO_32_BIT_CONVERSION = YES;
				GCC_WARN_ABOUT_RETURN_TYPE = YES_ERROR;
				GCC_WARN_UNDECLARED_SELECTOR = YES;
				GCC_WARN_UNINITIALIZED_AUTOS = YES_AGGRESSIVE;
				GCC_WARN_UNUSED_FUNCTION = YES;
				GCC_WARN_UNUSED_VARIABLE = YES;
				IPHONEOS_DEPLOYMENT_TARGET = 11.4;
				MTL_ENABLE_DEBUG_INFO = NO;
				SDKROOT = iphoneos;
				SWIFT_COMPILATION_MODE = wholemodule;
				SWIFT_OPTIMIZATION_LEVEL = "-O";
				VALIDATE_PRODUCT = YES;
			};
			name = Release;
		};
		08903D6D211E55A0000D14A6 /* Debug */ = {
			isa = XCBuildConfiguration;
			baseConfigurationReference = 79F3A0345FA5B900CCAF0FFD /* Pods-FindNearByBurrito.debug.xcconfig */;
			buildSettings = {
				ASSETCATALOG_COMPILER_APPICON_NAME = AppIcon;
				CODE_SIGN_STYLE = Automatic;
				DEVELOPMENT_TEAM = KZ34P34W9B;
				INFOPLIST_FILE = FindNearByBurrito/Info.plist;
				LD_RUNPATH_SEARCH_PATHS = (
					"$(inherited)",
					"@executable_path/Frameworks",
				);
				PRODUCT_BUNDLE_IDENTIFIER = susanzheng.FindNearByBurrito;
				PRODUCT_NAME = "$(TARGET_NAME)";
				SWIFT_VERSION = 4.0;
				TARGETED_DEVICE_FAMILY = "1,2";
			};
			name = Debug;
		};
		08903D6E211E55A0000D14A6 /* Release */ = {
			isa = XCBuildConfiguration;
			baseConfigurationReference = 7ACAF29A4EFB4C10452BE797 /* Pods-FindNearByBurrito.release.xcconfig */;
			buildSettings = {
				ASSETCATALOG_COMPILER_APPICON_NAME = AppIcon;
				CODE_SIGN_STYLE = Automatic;
				DEVELOPMENT_TEAM = KZ34P34W9B;
				INFOPLIST_FILE = FindNearByBurrito/Info.plist;
				LD_RUNPATH_SEARCH_PATHS = (
					"$(inherited)",
					"@executable_path/Frameworks",
				);
				PRODUCT_BUNDLE_IDENTIFIER = susanzheng.FindNearByBurrito;
				PRODUCT_NAME = "$(TARGET_NAME)";
				SWIFT_VERSION = 4.0;
				TARGETED_DEVICE_FAMILY = "1,2";
			};
			name = Release;
		};
		08903D70211E55A0000D14A6 /* Debug */ = {
			isa = XCBuildConfiguration;
			baseConfigurationReference = 48DA90FCFF44D526070B8B95 /* Pods-FindNearByBurritoTests.debug.xcconfig */;
			buildSettings = {
				ALWAYS_EMBED_SWIFT_STANDARD_LIBRARIES = YES;
				BUNDLE_LOADER = "$(TEST_HOST)";
				CODE_SIGN_STYLE = Automatic;
				DEVELOPMENT_TEAM = KZ34P34W9B;
				INFOPLIST_FILE = FindNearByBurritoTests/Info.plist;
				LD_RUNPATH_SEARCH_PATHS = (
					"$(inherited)",
					"@executable_path/Frameworks",
					"@loader_path/Frameworks",
				);
				PRODUCT_BUNDLE_IDENTIFIER = susanzheng.FindNearByBurritoTests;
				PRODUCT_NAME = "$(TARGET_NAME)";
				SWIFT_VERSION = 4.0;
				TARGETED_DEVICE_FAMILY = "1,2";
				TEST_HOST = "$(BUILT_PRODUCTS_DIR)/FindNearByBurrito.app/FindNearByBurrito";
			};
			name = Debug;
		};
		08903D71211E55A0000D14A6 /* Release */ = {
			isa = XCBuildConfiguration;
			baseConfigurationReference = 40B6C02B36D7E732E424AED6 /* Pods-FindNearByBurritoTests.release.xcconfig */;
			buildSettings = {
				ALWAYS_EMBED_SWIFT_STANDARD_LIBRARIES = YES;
				BUNDLE_LOADER = "$(TEST_HOST)";
				CODE_SIGN_STYLE = Automatic;
				DEVELOPMENT_TEAM = KZ34P34W9B;
				INFOPLIST_FILE = FindNearByBurritoTests/Info.plist;
				LD_RUNPATH_SEARCH_PATHS = (
					"$(inherited)",
					"@executable_path/Frameworks",
					"@loader_path/Frameworks",
				);
				PRODUCT_BUNDLE_IDENTIFIER = susanzheng.FindNearByBurritoTests;
				PRODUCT_NAME = "$(TARGET_NAME)";
				SWIFT_VERSION = 4.0;
				TARGETED_DEVICE_FAMILY = "1,2";
				TEST_HOST = "$(BUILT_PRODUCTS_DIR)/FindNearByBurrito.app/FindNearByBurrito";
			};
			name = Release;
		};
		08903D73211E55A0000D14A6 /* Debug */ = {
			isa = XCBuildConfiguration;
			baseConfigurationReference = 8358CC0E9098F774386A88C5 /* Pods-FindNearByBurritoUITests.debug.xcconfig */;
			buildSettings = {
				ALWAYS_EMBED_SWIFT_STANDARD_LIBRARIES = YES;
				CODE_SIGN_STYLE = Automatic;
				DEVELOPMENT_TEAM = KZ34P34W9B;
				INFOPLIST_FILE = FindNearByBurritoUITests/Info.plist;
				LD_RUNPATH_SEARCH_PATHS = (
					"$(inherited)",
					"@executable_path/Frameworks",
					"@loader_path/Frameworks",
				);
				PRODUCT_BUNDLE_IDENTIFIER = susanzheng.FindNearByBurritoUITests;
				PRODUCT_NAME = "$(TARGET_NAME)";
				SWIFT_VERSION = 4.0;
				TARGETED_DEVICE_FAMILY = "1,2";
				TEST_TARGET_NAME = FindNearByBurrito;
			};
			name = Debug;
		};
		08903D74211E55A0000D14A6 /* Release */ = {
			isa = XCBuildConfiguration;
			baseConfigurationReference = 2AF9A2C81FDB01FE6B8B487E /* Pods-FindNearByBurritoUITests.release.xcconfig */;
			buildSettings = {
				ALWAYS_EMBED_SWIFT_STANDARD_LIBRARIES = YES;
				CODE_SIGN_STYLE = Automatic;
				DEVELOPMENT_TEAM = KZ34P34W9B;
				INFOPLIST_FILE = FindNearByBurritoUITests/Info.plist;
				LD_RUNPATH_SEARCH_PATHS = (
					"$(inherited)",
					"@executable_path/Frameworks",
					"@loader_path/Frameworks",
				);
				PRODUCT_BUNDLE_IDENTIFIER = susanzheng.FindNearByBurritoUITests;
				PRODUCT_NAME = "$(TARGET_NAME)";
				SWIFT_VERSION = 4.0;
				TARGETED_DEVICE_FAMILY = "1,2";
				TEST_TARGET_NAME = FindNearByBurrito;
			};
			name = Release;
		};
/* End XCBuildConfiguration section */

/* Begin XCConfigurationList section */
		08903D3F211E559E000D14A6 /* Build configuration list for PBXProject "FindNearByBurrito" */ = {
			isa = XCConfigurationList;
			buildConfigurations = (
				08903D6A211E55A0000D14A6 /* Debug */,
				08903D6B211E55A0000D14A6 /* Release */,
			);
			defaultConfigurationIsVisible = 0;
			defaultConfigurationName = Release;
		};
		08903D6C211E55A0000D14A6 /* Build configuration list for PBXNativeTarget "FindNearByBurrito" */ = {
			isa = XCConfigurationList;
			buildConfigurations = (
				08903D6D211E55A0000D14A6 /* Debug */,
				08903D6E211E55A0000D14A6 /* Release */,
			);
			defaultConfigurationIsVisible = 0;
			defaultConfigurationName = Release;
		};
		08903D6F211E55A0000D14A6 /* Build configuration list for PBXNativeTarget "FindNearByBurritoTests" */ = {
			isa = XCConfigurationList;
			buildConfigurations = (
				08903D70211E55A0000D14A6 /* Debug */,
				08903D71211E55A0000D14A6 /* Release */,
			);
			defaultConfigurationIsVisible = 0;
			defaultConfigurationName = Release;
		};
		08903D72211E55A0000D14A6 /* Build configuration list for PBXNativeTarget "FindNearByBurritoUITests" */ = {
			isa = XCConfigurationList;
			buildConfigurations = (
				08903D73211E55A0000D14A6 /* Debug */,
				08903D74211E55A0000D14A6 /* Release */,
			);
			defaultConfigurationIsVisible = 0;
			defaultConfigurationName = Release;
		};
/* End XCConfigurationList section */
	};
	rootObject = 08903D3C211E559E000D14A6 /* Project object */;
}
